
Microsoft Visual Studio Solution File, Format Version 12.00
# Visual Studio Version 17
VisualStudioVersion = 17.1.32210.238
MinimumVisualStudioVersion = 10.0.40219.1
Project("{9A19103F-16F7-4668-BE54-9A1E7A4F7556}") = "calculadora", "calc\calculadora.csproj", "{23AA28A2-233C-4B26-AC0F-EFC5475B7515}"
EndProject
Global
	GlobalSection(SolutionConfigurationPlatforms) = preSolution
		Debug|Any CPU = Debug|Any CPU
		Release|Any CPU = Release|Any CPU
	EndGlobalSection
	GlobalSection(ProjectConfigurationPlatforms) = postSolution
		{23AA28A2-233C-4B26-AC0F-EFC5475B7515}.Debug|Any CPU.ActiveCfg = Debug|Any CPU
		{23AA28A2-233C-4B26-AC0F-EFC5475B7515}.Debug|Any CPU.Build.0 = Debug|Any CPU
		{23AA28A2-233C-4B26-AC0F-EFC5475B7515}.Release|Any CPU.ActiveCfg = Release|Any CPU
		{23AA28A2-233C-4B26-AC0F-EFC5475B7515}.Release|Any CPU.Build.0 = Release|Any CPU
	EndGlobalSection
	GlobalSection(SolutionProperties) = preSolution
		HideSolutionNode = FALSE
	EndGlobalSection
	GlobalSection(ExtensibilityGlobals) = postSolution
		SolutionGuid = {4B8FB539-046A-46F4-BFEE-CC7576B92DDC}
	EndGlobalSection
EndGlobal
